{
	"name": "esm-test",
	"lockfileVersion": 2,
	"requires": true,
	"packages": {
		"": {
			"dependencies": {
				"cjs-test": "github:nnmrts/cjs-test"
			}
		},
		"node_modules/cjs-test": {
			"resolved": "git+ssh://git@github.com/nnmrts/cjs-test.git#e0e0658c283ee58cbbf8b601df23894f88645243"
		}
	},
	"dependencies": {
		"cjs-test": {
			"version": "git+ssh://git@github.com/nnmrts/cjs-test.git#e0e0658c283ee58cbbf8b601df23894f88645243",
			"from": "cjs-test@github:nnmrts/cjs-test"
		}
	}
}
